// !$*UTF8*$!
{
	archiveVersion = 1;
	classes = {
	};
	objectVersion = 46;
	objects = {

/* Begin PBXBuildFile section */
		407523BB1BC0C1740071211D /* AppDelegate.swift in Sources */ = {isa = PBXBuildFile; fileRef = 407523BA1BC0C1740071211D /* AppDelegate.swift */; };
		407523BD1BC0C1740071211D /* ViewController.swift in Sources */ = {isa = PBXBuildFile; fileRef = 407523BC1BC0C1740071211D /* ViewController.swift */; };
		407523C01BC0C1740071211D /* Main.storyboard in Resources */ = {isa = PBXBuildFile; fileRef = 407523BE1BC0C1740071211D /* Main.storyboard */; };
		407523C21BC0C1740071211D /* Assets.xcassets in Resources */ = {isa = PBXBuildFile; fileRef = 407523C11BC0C1740071211D /* Assets.xcassets */; };
		407523C51BC0C1740071211D /* LaunchScreen.storyboard in Resources */ = {isa = PBXBuildFile; fileRef = 407523C31BC0C1740071211D /* LaunchScreen.storyboard */; };
/* End PBXBuildFile section */

/* Begin PBXFileReference section */
		407523B71BC0C1740071211D /* ComputerAvailCheck.app */ = {isa = PBXFileReference; explicitFileType = wrapper.application; includeInIndex = 0; path = ComputerAvailCheck.app; sourceTree = BUILT_PRODUCTS_DIR; };
		407523BA1BC0C1740071211D /* AppDelegate.swift */ = {isa = PBXFileReference; lastKnownFileType = sourcecode.swift; path = AppDelegate.swift; sourceTree = "<group>"; };
		407523BC1BC0C1740071211D /* ViewController.swift */ = {isa = PBXFileReference; lastKnownFileType = sourcecode.swift; path = ViewController.swift; sourceTree = "<group>"; };
		407523BF1BC0C1740071211D /* Base */ = {isa = PBXFileReference; lastKnownFileType = file.storyboard; name = Base; path = Base.lproj/Main.storyboard; sourceTree = "<group>"; };
		407523C11BC0C1740071211D /* Assets.xcassets */ = {isa = PBXFileReference; lastKnownFileType = folder.assetcatalog; path = Assets.xcassets; sourceTree = "<group>"; };
		407523C41BC0C1740071211D /* Base */ = {isa = PBXFileReference; lastKnownFileType = file.storyboard; name = Base; path = Base.lproj/LaunchScreen.storyboard; sourceTree = "<group>"; };
		407523C61BC0C1740071211D /* Info.plist */ = {isa = PBXFileReference; lastKnownFileType = text.plist.xml; path = Info.plist; sourceTree = "<group>"; };
/* End PBXFileReference section */

/* Begin PBXFrameworksBuildPhase section */
		407523B41BC0C1740071211D /* Frameworks */ = {
			isa = PBXFrameworksBuildPhase;
			buildActionMask = 2147483647;
			files = (
			);
			runOnlyForDeploymentPostprocessing = 0;
		};
/* End PBXFrameworksBuildPhase section */

/* Begin PBXGroup section */
		407523AE1BC0C1740071211D = {
			isa = PBXGroup;
			children = (
				407523B91BC0C1740071211D /* ComputerAvailCheck */,
				407523B81BC0C1740071211D /* Products */,
			);
			sourceTree = "<group>";
		};
		407523B81BC0C1740071211D /* Products */ = {
			isa = PBXGroup;
			children = (
				407523B71BC0C1740071211D /* ComputerAvailCheck.app */,
			);
			name = Products;
			sourceTree = "<group>";
		};
		407523B91BC0C1740071211D /* ComputerAvailCheck */ = {
			isa = PBXGroup;
			children = (
				407523BA1BC0C1740071211D /* AppDelegate.swift */,
				407523BC1BC0C1740071211D /* ViewController.swift */,
				407523BE1BC0C1740071211D /* Main.storyboard */,
				407523C11BC0C1740071211D /* Assets.xcassets */,
				407523C31BC0C1740071211D /* LaunchScreen.storyboard */,
				407523C61BC0C1740071211D /* Info.plist */,
			);
			path = ComputerAvailCheck;
			sourceTree = "<group>";
		};
/* End PBXGroup section */

/* Begin PBXNativeTarget section */
		407523B61BC0C1740071211D /* ComputerAvailCheck */ = {
			isa = PBXNativeTarget;
			buildConfigurationList = 407523C91BC0C1740071211D /* Build configuration list for PBXNativeTarget "ComputerAvailCheck" */;
			buildPhases = (
				407523B31BC0C1740071211D /* Sources */,
				407523B41BC0C1740071211D /* Frameworks */,
				407523B51BC0C1740071211D /* Resources */,
			);
			buildRules = (
			);
			dependencies = (
			);
			name = ComputerAvailCheck;
			productName = ComputerAvailCheck;
			productReference = 407523B71BC0C1740071211D /* ComputerAvailCheck.app */;
			productType = "com.apple.product-type.application";
		};
/* End PBXNativeTarget section */

/* Begin PBXProject section */
		407523AF1BC0C1740071211D /* Project object */ = {
			isa = PBXProject;
			attributes = {
				LastUpgradeCheck = 0700;
				ORGANIZATIONNAME = "Bokang Huang";
				TargetAttributes = {
					407523B61BC0C1740071211D = {
						CreatedOnToolsVersion = 7.0.1;
					};
				};
			};
			buildConfigurationList = 407523B21BC0C1740071211D /* Build configuration list for PBXProject "ComputerAvailCheck" */;
			compatibilityVersion = "Xcode 3.2";
			developmentRegion = English;
			hasScannedForEncodings = 0;
			knownRegions = (
				en,
				Base,
			);
			mainGroup = 407523AE1BC0C1740071211D;
			productRefGroup = 407523B81BC0C1740071211D /* Products */;
			projectDirPath = "";
			projectRoot = "";
			targets = (
				407523B61BC0C1740071211D /* ComputerAvailCheck */,
			);
		};
/* End PBXProject section */

/* Begin PBXResourcesBuildPhase section */
		407523B51BC0C1740071211D /* Resources */ = {
			isa = PBXResourcesBuildPhase;
			buildActionMask = 2147483647;
			files = (
				407523C51BC0C1740071211D /* LaunchScreen.storyboard in Resources */,
				407523C21BC0C1740071211D /* Assets.xcassets in Resources */,
				407523C01BC0C1740071211D /* Main.storyboard in Resources */,
			);
			runOnlyForDeploymentPostprocessing = 0;
		};
/* End PBXResourcesBuildPhase section */

/* Begin PBXSourcesBuildPhase section */
		407523B31BC0C1740071211D /* Sources */ = {
			isa = PBXSourcesBuildPhase;
			buildActionMask = 2147483647;
			files = (
				407523BD1BC0C1740071211D /* ViewController.swift in Sources */,
				407523BB1BC0C1740071211D /* AppDelegate.swift in Sources */,
			);
			runOnlyForDeploymentPostprocessing = 0;
		};
/* End PBXSourcesBuildPhase section */

/* Begin PBXVariantGroup section */
		407523BE1BC0C1740071211D /* Main.storyboard */ = {
			isa = PBXVariantGroup;
			children = (
				407523BF1BC0C1740071211D /* Base */,
			);
			name = Main.storyboard;
			sourceTree = "<group>";
		};
		407523C31BC0C1740071211D /* LaunchScreen.storyboard */ = {
			isa = PBXVariantGroup;
			children = (
				407523C41BC0C1740071211D /* Base */,
			);
			name = LaunchScreen.storyboard;
			sourceTree = "<group>";
		};
/* End PBXVariantGroup section */

/* Begin XCBuildConfiguration section */
		407523C71BC0C1740071211D /* Debug */ = {
			isa = XCBuildConfiguration;
			buildSettings = {
				ALWAYS_SEARCH_USER_PATHS = NO;
				CLANG_CXX_LANGUAGE_STANDARD = "gnu++0x";
				CLANG_CXX_LIBRARY = "libc++";
				CLANG_ENABLE_MODULES = YES;
				CLANG_ENABLE_OBJC_ARC = YES;
				CLANG_WARN_BOOL_CONVERSION = YES;
				CLANG_WARN_CONSTANT_CONVERSION = YES;
				CLANG_WARN_DIRECT_OBJC_ISA_USAGE = YES_ERROR;
				CLANG_WARN_EMPTY_BODY = YES;
				CLANG_WARN_ENUM_CONVERSION = YES;
				CLANG_WARN_INT_CONVERSION = YES;
				CLANG_WARN_OBJC_ROOT_CLASS = YES_ERROR;
				CLANG_WARN_UNREACHABLE_CODE = YES;
				CLANG_WARN__DUPLICATE_METHOD_MATCH = YES;
				"CODE_SIGN_IDENTITY[sdk=iphoneos*]" = "iPhone Developer";
				COPY_PHASE_STRIP = NO;
				DEBUG_INFORMATION_FORMAT = dwarf;
				ENABLE_STRICT_OBJC_MSGSEND = YES;
				ENABLE_TESTABILITY = YES;
				GCC_C_LANGUAGE_STANDARD = gnu99;
				GCC_DYNAMIC_NO_PIC = NO;
				GCC_NO_COMMON_BLOCKS = YES;
				GCC_OPTIMIZATION_LEVEL = 0;
				GCC_PREPROCESSOR_DEFINITIONS = (
					"DEBUG=1",
					"$(inherited)",
				);
				GCC_WARN_64_TO_32_BIT_CONVERSION = YES;
				GCC_WARN_ABOUT_RETURN_TYPE = YES_ERROR;
				GCC_WARN_UNDECLARED_SELECTOR = YES;
				GCC_WARN_UNINITIALIZED_AUTOS = YES_AGGRESSIVE;
				GCC_WARN_UNUSED_FUNCTION = YES;
				GCC_WARN_UNUSED_VARIABLE = YES;
				IPHONEOS_DEPLOYMENT_TARGET = 9.0;
				MTL_ENABLE_DEBUG_INFO = YES;
				ONLY_ACTIVE_ARCH = YES;
				SDKROOT = iphoneos;
				SWIFT_OPTIMIZATION_LEVEL = "-Onone";
				TARGETED_DEVICE_FAMILY = "1,2";
			};
			name = Debug;
		};
		407523C81BC0C1740071211D /* Release */ = {
			isa = XCBuildConfiguration;
			buildSettings = {
				ALWAYS_SEARCH_USER_PATHS = NO;
				CLANG_CXX_LANGUAGE_STANDARD = "gnu++0x";
				CLANG_CXX_LIBRARY = "libc++";
				CLANG_ENABLE_MODULES = YES;
				CLANG_ENABLE_OBJC_ARC = YES;
				CLANG_WARN_BOOL_CONVERSION = YES;
				CLANG_WARN_CONSTANT_CONVERSION = YES;
				CLANG_WARN_DIRECT_OBJC_ISA_USAGE = YES_ERROR;
				CLANG_WARN_EMPTY_BODY = YES;
				CLANG_WARN_ENUM_CONVERSION = YES;
				CLANG_WARN_INT_CONVERSION = YES;
				CLANG_WARN_OBJC_ROOT_CLASS = YES_ERROR;
				CLANG_WARN_UNREACHABLE_CODE = YES;
				CLANG_WARN__DUPLICATE_METHOD_MATCH = YES;
				"CODE_SIGN_IDENTITY[sdk=iphoneos*]" = "iPhone Developer";
				COPY_PHASE_STRIP = NO;
				DEBUG_INFORMATION_FORMAT = "dwarf-with-dsym";
				ENABLE_NS_ASSERTIONS = NO;
				ENABLE_STRICT_OBJC_MSGSEND = YES;
				GCC_C_LANGUAGE_STANDARD = gnu99;
				GCC_NO_COMMON_BLOCKS = YES;
				GCC_WARN_64_TO_32_BIT_CONVERSION = YES;
				GCC_WARN_ABOUT_RETURN_TYPE = YES_ERROR;
				GCC_WARN_UNDECLARED_SELECTOR = YES;
				GCC_WARN_UNINITIALIZED_AUTOS = YES_AGGRESSIVE;
				GCC_WARN_UNUSED_FUNCTION = YES;
				GCC_WARN_UNUSED_VARIABLE = YES;
				IPHONEOS_DEPLOYMENT_TARGET = 9.0;
				MTL_ENABLE_DEBUG_INFO = NO;
				SDKROOT = iphoneos;
				TARGETED_DEVICE_FAMILY = "1,2";
				VALIDATE_PRODUCT = YES;
			};
			name = Release;
		};
		407523CA1BC0C1740071211D /* Debug */ = {
			isa = XCBuildConfiguration;
			buildSettings = {
				ASSETCATALOG_COMPILER_APPICON_NAME = AppIcon;
				INFOPLIST_FILE = ComputerAvailCheck/Info.plist;
				LD_RUNPATH_SEARCH_PATHS = "$(inherited) @executable_path/Frameworks";
				PRODUCT_BUNDLE_IDENTIFIER = com.bk.ComputerAvailCheck;
				PRODUCT_NAME = "$(TARGET_NAME)";
			};
			name = Debug;
		};
		407523CB1BC0C1740071211D /* Release */ = {
			isa = XCBuildConfiguration;
			buildSettings = {
				ASSETCATALOG_COMPILER_APPICON_NAME = AppIcon;
				INFOPLIST_FILE = ComputerAvailCheck/Info.plist;
				LD_RUNPATH_SEARCH_PATHS = "$(inherited) @executable_path/Frameworks";
				PRODUCT_BUNDLE_IDENTIFIER = com.bk.ComputerAvailCheck;
				PRODUCT_NAME = "$(TARGET_NAME)";
			};
			name = Release;
		};
/* End XCBuildConfiguration section */

/* Begin XCConfigurationList section */
		407523B21BC0C1740071211D /* Build configuration list for PBXProject "ComputerAvailCheck" */ = {
			isa = XCConfigurationList;
			buildConfigurations = (
				407523C71BC0C1740071211D /* Debug */,
				407523C81BC0C1740071211D /* Release */,
			);
			defaultConfigurationIsVisible = 0;
			defaultConfigurationName = Release;
		};
		407523C91BC0C1740071211D /* Build configuration list for PBXNativeTarget "ComputerAvailCheck" */ = {
			isa = XCConfigurationList;
			buildConfigurations = (
				407523CA1BC0C1740071211D /* Debug */,
				407523CB1BC0C1740071211D /* Release */,
			);
			defaultConfigurationIsVisible = 0;
		};
/* End XCConfigurationList section */
	};
	rootObject = 407523AF1BC0C1740071211D /* Project object */;
}
