// !$*UTF8*$!
{
	archiveVersion = 1;
	classes = {
	};
	objectVersion = 46;
	objects = {

/* Begin PBXBuildFile section */
		401D924D1BC0FF3100D59FF1 /* BuildingModel.swift in Sources */ = {isa = PBXBuildFile; fileRef = 401D924C1BC0FF3100D59FF1 /* BuildingModel.swift */; };
		40344E541BC15AED002F33B7 /* MapKit.framework in Frameworks */ = {isa = PBXBuildFile; fileRef = 405FC01B1BC0FA2D00E3F206 /* MapKit.framework */; };
		4045B7991BC1205D00D8AE91 /* BuildingTableViewCell.swift in Sources */ = {isa = PBXBuildFile; fileRef = 4045B7981BC1205D00D8AE91 /* BuildingTableViewCell.swift */; };
		405FC0121BC0D48D00E3F206 /* ViewController.swift in Sources */ = {isa = PBXBuildFile; fileRef = 405FC0111BC0D48D00E3F206 /* ViewController.swift */; };
		40619D731C3816BC002478FF /* Interface.storyboard in Resources */ = {isa = PBXBuildFile; fileRef = 40619D711C3816BC002478FF /* Interface.storyboard */; };
		40619D751C3816BC002478FF /* Assets.xcassets in Resources */ = {isa = PBXBuildFile; fileRef = 40619D741C3816BC002478FF /* Assets.xcassets */; };
		40619D7C1C3816BC002478FF /* WatchCheck Extension.appex in Embed App Extensions */ = {isa = PBXBuildFile; fileRef = 40619D7B1C3816BC002478FF /* WatchCheck Extension.appex */; settings = {ATTRIBUTES = (RemoveHeadersOnCopy, ); }; };
		40619D811C3816BC002478FF /* InterfaceController.swift in Sources */ = {isa = PBXBuildFile; fileRef = 40619D801C3816BC002478FF /* InterfaceController.swift */; };
		40619D831C3816BC002478FF /* ExtensionDelegate.swift in Sources */ = {isa = PBXBuildFile; fileRef = 40619D821C3816BC002478FF /* ExtensionDelegate.swift */; };
		40619D851C3816BC002478FF /* Assets.xcassets in Resources */ = {isa = PBXBuildFile; fileRef = 40619D841C3816BC002478FF /* Assets.xcassets */; };
		40619D891C3816BC002478FF /* WatchCheck.app in Embed Watch Content */ = {isa = PBXBuildFile; fileRef = 40619D6F1C3816BB002478FF /* WatchCheck.app */; };
		407523BB1BC0C1740071211D /* AppDelegate.swift in Sources */ = {isa = PBXBuildFile; fileRef = 407523BA1BC0C1740071211D /* AppDelegate.swift */; };
		407523C01BC0C1740071211D /* Main.storyboard in Resources */ = {isa = PBXBuildFile; fileRef = 407523BE1BC0C1740071211D /* Main.storyboard */; };
		407523C21BC0C1740071211D /* Assets.xcassets in Resources */ = {isa = PBXBuildFile; fileRef = 407523C11BC0C1740071211D /* Assets.xcassets */; };
		407523C51BC0C1740071211D /* LaunchScreen.storyboard in Resources */ = {isa = PBXBuildFile; fileRef = 407523C31BC0C1740071211D /* LaunchScreen.storyboard */; };
		40B52D1F1BC3B05B009B27E5 /* RoomModel.swift in Sources */ = {isa = PBXBuildFile; fileRef = 40B52D1E1BC3B05B009B27E5 /* RoomModel.swift */; };
		40B52D211BC3B2C3009B27E5 /* RoomTableViewCell.swift in Sources */ = {isa = PBXBuildFile; fileRef = 40B52D201BC3B2C3009B27E5 /* RoomTableViewCell.swift */; };
		40C368BE1C3FBDA4007514AC /* BuildingModel.swift in Sources */ = {isa = PBXBuildFile; fileRef = 401D924C1BC0FF3100D59FF1 /* BuildingModel.swift */; };
		40D5E2BF1BC26D5C004562C3 /* BuildingData.json in Resources */ = {isa = PBXBuildFile; fileRef = 40D5E2BE1BC26D5C004562C3 /* BuildingData.json */; };
		40D5E2C31BC26FCC004562C3 /* BuildingAnnotation.swift in Sources */ = {isa = PBXBuildFile; fileRef = 40D5E2C21BC26FCC004562C3 /* BuildingAnnotation.swift */; };
		40D5E2C51BC28F31004562C3 /* BuildingPin.swift in Sources */ = {isa = PBXBuildFile; fileRef = 40D5E2C41BC28F31004562C3 /* BuildingPin.swift */; };
		40D5E2C71BC2CF79004562C3 /* RoomViewController.swift in Sources */ = {isa = PBXBuildFile; fileRef = 40D5E2C61BC2CF79004562C3 /* RoomViewController.swift */; };
		40F549811C3FC6F30084D96D /* Pods_ComputerAvailCheck.framework in Frameworks */ = {isa = PBXBuildFile; fileRef = 40F549801C3FC6F30084D96D /* Pods_ComputerAvailCheck.framework */; };
		FBF4FF2D2DB3432554E16E83 /* Pods_WatchCheck_Extension.framework in Frameworks */ = {isa = PBXBuildFile; fileRef = EF9F83B5AE5CFE4D31AE3156 /* Pods_WatchCheck_Extension.framework */; };
/* End PBXBuildFile section */

/* Begin PBXContainerItemProxy section */
		40619D7D1C3816BC002478FF /* PBXContainerItemProxy */ = {
			isa = PBXContainerItemProxy;
			containerPortal = 407523AF1BC0C1740071211D /* Project object */;
			proxyType = 1;
			remoteGlobalIDString = 40619D7A1C3816BC002478FF;
			remoteInfo = "WatchCheck Extension";
		};
		40619D871C3816BC002478FF /* PBXContainerItemProxy */ = {
			isa = PBXContainerItemProxy;
			containerPortal = 407523AF1BC0C1740071211D /* Project object */;
			proxyType = 1;
			remoteGlobalIDString = 40619D6E1C3816BB002478FF;
			remoteInfo = WatchCheck;
		};
/* End PBXContainerItemProxy section */

/* Begin PBXCopyFilesBuildPhase section */
		40619D8F1C3816BC002478FF /* Embed App Extensions */ = {
			isa = PBXCopyFilesBuildPhase;
			buildActionMask = 2147483647;
			dstPath = "";
			dstSubfolderSpec = 13;
			files = (
				40619D7C1C3816BC002478FF /* WatchCheck Extension.appex in Embed App Extensions */,
			);
			name = "Embed App Extensions";
			runOnlyForDeploymentPostprocessing = 0;
		};
		40619D911C3816BC002478FF /* Embed Watch Content */ = {
			isa = PBXCopyFilesBuildPhase;
			buildActionMask = 2147483647;
			dstPath = "$(CONTENTS_FOLDER_PATH)/Watch";
			dstSubfolderSpec = 16;
			files = (
				40619D891C3816BC002478FF /* WatchCheck.app in Embed Watch Content */,
			);
			name = "Embed Watch Content";
			runOnlyForDeploymentPostprocessing = 0;
		};
/* End PBXCopyFilesBuildPhase section */

/* Begin PBXFileReference section */
		0B118E266CF6DFC6B3B6440A /* Pods_ComputerAvailCheck.framework */ = {isa = PBXFileReference; explicitFileType = wrapper.framework; includeInIndex = 0; path = Pods_ComputerAvailCheck.framework; sourceTree = BUILT_PRODUCTS_DIR; };
		11E6AFE7A5BF42B8EED554EC /* Pods-ComputerAvailCheck.debug.xcconfig */ = {isa = PBXFileReference; includeInIndex = 1; lastKnownFileType = text.xcconfig; name = "Pods-ComputerAvailCheck.debug.xcconfig"; path = "Pods/Target Support Files/Pods-ComputerAvailCheck/Pods-ComputerAvailCheck.debug.xcconfig"; sourceTree = "<group>"; };
		28DCFD0E710C276DB6D9E055 /* Pods-ComputerAvailCheck.release.xcconfig */ = {isa = PBXFileReference; includeInIndex = 1; lastKnownFileType = text.xcconfig; name = "Pods-ComputerAvailCheck.release.xcconfig"; path = "Pods/Target Support Files/Pods-ComputerAvailCheck/Pods-ComputerAvailCheck.release.xcconfig"; sourceTree = "<group>"; };
		34D70D6691C9288952B2E580 /* Pods.release.xcconfig */ = {isa = PBXFileReference; includeInIndex = 1; lastKnownFileType = text.xcconfig; name = Pods.release.xcconfig; path = "Pods/Target Support Files/Pods/Pods.release.xcconfig"; sourceTree = "<group>"; };
		401D924C1BC0FF3100D59FF1 /* BuildingModel.swift */ = {isa = PBXFileReference; fileEncoding = 4; lastKnownFileType = sourcecode.swift; path = BuildingModel.swift; sourceTree = "<group>"; };
		403E8D601BC3D25100340BBB /* CoreLocation.framework */ = {isa = PBXFileReference; lastKnownFileType = wrapper.framework; name = CoreLocation.framework; path = System/Library/Frameworks/CoreLocation.framework; sourceTree = SDKROOT; };
		4045B7981BC1205D00D8AE91 /* BuildingTableViewCell.swift */ = {isa = PBXFileReference; fileEncoding = 4; lastKnownFileType = sourcecode.swift; path = BuildingTableViewCell.swift; sourceTree = "<group>"; };
		405FC00A1BC0CC8B00E3F206 /* ComputerAvailCheck-Bridging-Header.h */ = {isa = PBXFileReference; lastKnownFileType = sourcecode.c.h; path = "ComputerAvailCheck-Bridging-Header.h"; sourceTree = "<group>"; };
		405FC0111BC0D48D00E3F206 /* ViewController.swift */ = {isa = PBXFileReference; fileEncoding = 4; lastKnownFileType = sourcecode.swift; path = ViewController.swift; sourceTree = "<group>"; };
		405FC01B1BC0FA2D00E3F206 /* MapKit.framework */ = {isa = PBXFileReference; lastKnownFileType = wrapper.framework; name = MapKit.framework; path = System/Library/Frameworks/MapKit.framework; sourceTree = SDKROOT; };
		40619D6F1C3816BB002478FF /* WatchCheck.app */ = {isa = PBXFileReference; explicitFileType = wrapper.application; includeInIndex = 0; path = WatchCheck.app; sourceTree = BUILT_PRODUCTS_DIR; };
		40619D721C3816BC002478FF /* Base */ = {isa = PBXFileReference; lastKnownFileType = file.storyboard; name = Base; path = Base.lproj/Interface.storyboard; sourceTree = "<group>"; };
		40619D741C3816BC002478FF /* Assets.xcassets */ = {isa = PBXFileReference; lastKnownFileType = folder.assetcatalog; path = Assets.xcassets; sourceTree = "<group>"; };
		40619D761C3816BC002478FF /* Info.plist */ = {isa = PBXFileReference; lastKnownFileType = text.plist.xml; path = Info.plist; sourceTree = "<group>"; };
		40619D7B1C3816BC002478FF /* WatchCheck Extension.appex */ = {isa = PBXFileReference; explicitFileType = "wrapper.app-extension"; includeInIndex = 0; path = "WatchCheck Extension.appex"; sourceTree = BUILT_PRODUCTS_DIR; };
		40619D801C3816BC002478FF /* InterfaceController.swift */ = {isa = PBXFileReference; lastKnownFileType = sourcecode.swift; path = InterfaceController.swift; sourceTree = "<group>"; };
		40619D821C3816BC002478FF /* ExtensionDelegate.swift */ = {isa = PBXFileReference; lastKnownFileType = sourcecode.swift; path = ExtensionDelegate.swift; sourceTree = "<group>"; };
		40619D841C3816BC002478FF /* Assets.xcassets */ = {isa = PBXFileReference; lastKnownFileType = folder.assetcatalog; path = Assets.xcassets; sourceTree = "<group>"; };
		40619D861C3816BC002478FF /* Info.plist */ = {isa = PBXFileReference; lastKnownFileType = text.plist.xml; path = Info.plist; sourceTree = "<group>"; };
		407523B71BC0C1740071211D /* ComputerAvailCheck.app */ = {isa = PBXFileReference; explicitFileType = wrapper.application; includeInIndex = 0; path = ComputerAvailCheck.app; sourceTree = BUILT_PRODUCTS_DIR; };
		407523BA1BC0C1740071211D /* AppDelegate.swift */ = {isa = PBXFileReference; lastKnownFileType = sourcecode.swift; path = AppDelegate.swift; sourceTree = "<group>"; };
		407523BF1BC0C1740071211D /* Base */ = {isa = PBXFileReference; lastKnownFileType = file.storyboard; name = Base; path = Base.lproj/Main.storyboard; sourceTree = "<group>"; };
		407523C11BC0C1740071211D /* Assets.xcassets */ = {isa = PBXFileReference; lastKnownFileType = folder.assetcatalog; path = Assets.xcassets; sourceTree = "<group>"; };
		407523C41BC0C1740071211D /* Base */ = {isa = PBXFileReference; lastKnownFileType = file.storyboard; name = Base; path = Base.lproj/LaunchScreen.storyboard; sourceTree = "<group>"; };
		407523C61BC0C1740071211D /* Info.plist */ = {isa = PBXFileReference; lastKnownFileType = text.plist.xml; path = Info.plist; sourceTree = "<group>"; };
		40B52D1E1BC3B05B009B27E5 /* RoomModel.swift */ = {isa = PBXFileReference; fileEncoding = 4; lastKnownFileType = sourcecode.swift; path = RoomModel.swift; sourceTree = "<group>"; };
		40B52D201BC3B2C3009B27E5 /* RoomTableViewCell.swift */ = {isa = PBXFileReference; fileEncoding = 4; lastKnownFileType = sourcecode.swift; path = RoomTableViewCell.swift; sourceTree = "<group>"; };
		40D5E2BE1BC26D5C004562C3 /* BuildingData.json */ = {isa = PBXFileReference; fileEncoding = 4; lastKnownFileType = text.json; path = BuildingData.json; sourceTree = "<group>"; };
		40D5E2C21BC26FCC004562C3 /* BuildingAnnotation.swift */ = {isa = PBXFileReference; fileEncoding = 4; lastKnownFileType = sourcecode.swift; path = BuildingAnnotation.swift; sourceTree = "<group>"; };
		40D5E2C41BC28F31004562C3 /* BuildingPin.swift */ = {isa = PBXFileReference; fileEncoding = 4; lastKnownFileType = sourcecode.swift; path = BuildingPin.swift; sourceTree = "<group>"; };
		40D5E2C61BC2CF79004562C3 /* RoomViewController.swift */ = {isa = PBXFileReference; fileEncoding = 4; lastKnownFileType = sourcecode.swift; path = RoomViewController.swift; sourceTree = "<group>"; };
		40F549801C3FC6F30084D96D /* Pods_ComputerAvailCheck.framework */ = {isa = PBXFileReference; lastKnownFileType = wrapper.framework; name = Pods_ComputerAvailCheck.framework; path = "Pods/../build/Debug-iphoneos/Pods_ComputerAvailCheck.framework"; sourceTree = "<group>"; };
		8016C95C30BF45E3F74DA829 /* Pods-WatchCheck Extension.release.xcconfig */ = {isa = PBXFileReference; includeInIndex = 1; lastKnownFileType = text.xcconfig; name = "Pods-WatchCheck Extension.release.xcconfig"; path = "Pods/Target Support Files/Pods-WatchCheck Extension/Pods-WatchCheck Extension.release.xcconfig"; sourceTree = "<group>"; };
		8CE1A52721A8396B292102E0 /* Pods.framework */ = {isa = PBXFileReference; explicitFileType = wrapper.framework; includeInIndex = 0; path = Pods.framework; sourceTree = BUILT_PRODUCTS_DIR; };
		D821674FEF4E7EF415C1B1F4 /* Pods-WatchCheck Extension.debug.xcconfig */ = {isa = PBXFileReference; includeInIndex = 1; lastKnownFileType = text.xcconfig; name = "Pods-WatchCheck Extension.debug.xcconfig"; path = "Pods/Target Support Files/Pods-WatchCheck Extension/Pods-WatchCheck Extension.debug.xcconfig"; sourceTree = "<group>"; };
		EE8193875568304A465EF86A /* Pods.debug.xcconfig */ = {isa = PBXFileReference; includeInIndex = 1; lastKnownFileType = text.xcconfig; name = Pods.debug.xcconfig; path = "Pods/Target Support Files/Pods/Pods.debug.xcconfig"; sourceTree = "<group>"; };
		EF9F83B5AE5CFE4D31AE3156 /* Pods_WatchCheck_Extension.framework */ = {isa = PBXFileReference; explicitFileType = wrapper.framework; includeInIndex = 0; path = Pods_WatchCheck_Extension.framework; sourceTree = BUILT_PRODUCTS_DIR; };
/* End PBXFileReference section */

/* Begin PBXFrameworksBuildPhase section */
		40619D781C3816BC002478FF /* Frameworks */ = {
			isa = PBXFrameworksBuildPhase;
			buildActionMask = 2147483647;
			files = (
				FBF4FF2D2DB3432554E16E83 /* Pods_WatchCheck_Extension.framework in Frameworks */,
			);
			runOnlyForDeploymentPostprocessing = 0;
		};
		407523B41BC0C1740071211D /* Frameworks */ = {
			isa = PBXFrameworksBuildPhase;
			buildActionMask = 2147483647;
			files = (
				40344E541BC15AED002F33B7 /* MapKit.framework in Frameworks */,
				40F549811C3FC6F30084D96D /* Pods_ComputerAvailCheck.framework in Frameworks */,
			);
			runOnlyForDeploymentPostprocessing = 0;
		};
/* End PBXFrameworksBuildPhase section */

/* Begin PBXGroup section */
		0C4BC4B658C1A204A12CEFDF /* Pods */ = {
			isa = PBXGroup;
			children = (
				EE8193875568304A465EF86A /* Pods.debug.xcconfig */,
				34D70D6691C9288952B2E580 /* Pods.release.xcconfig */,
				D821674FEF4E7EF415C1B1F4 /* Pods-WatchCheck Extension.debug.xcconfig */,
				8016C95C30BF45E3F74DA829 /* Pods-WatchCheck Extension.release.xcconfig */,
				11E6AFE7A5BF42B8EED554EC /* Pods-ComputerAvailCheck.debug.xcconfig */,
				28DCFD0E710C276DB6D9E055 /* Pods-ComputerAvailCheck.release.xcconfig */,
			);
			name = Pods;
			sourceTree = "<group>";
		};
		405FC0131BC0D4A800E3F206 /* Model */ = {
			isa = PBXGroup;
			children = (
				401D924C1BC0FF3100D59FF1 /* BuildingModel.swift */,
				40D5E2C21BC26FCC004562C3 /* BuildingAnnotation.swift */,
				40B52D1E1BC3B05B009B27E5 /* RoomModel.swift */,
			);
			name = Model;
			sourceTree = "<group>";
		};
		405FC0141BC0D4AD00E3F206 /* View */ = {
			isa = PBXGroup;
			children = (
				4045B7981BC1205D00D8AE91 /* BuildingTableViewCell.swift */,
				40D5E2C41BC28F31004562C3 /* BuildingPin.swift */,
				40B52D201BC3B2C3009B27E5 /* RoomTableViewCell.swift */,
			);
			name = View;
			sourceTree = "<group>";
		};
		405FC0151BC0D4C300E3F206 /* Controller */ = {
			isa = PBXGroup;
			children = (
				405FC0111BC0D48D00E3F206 /* ViewController.swift */,
				40D5E2C61BC2CF79004562C3 /* RoomViewController.swift */,
			);
			name = Controller;
			sourceTree = "<group>";
		};
		40619D701C3816BB002478FF /* WatchCheck */ = {
			isa = PBXGroup;
			children = (
				40619D711C3816BC002478FF /* Interface.storyboard */,
				40619D741C3816BC002478FF /* Assets.xcassets */,
				40619D761C3816BC002478FF /* Info.plist */,
			);
			path = WatchCheck;
			sourceTree = "<group>";
		};
		40619D7F1C3816BC002478FF /* WatchCheck Extension */ = {
			isa = PBXGroup;
			children = (
				40619D801C3816BC002478FF /* InterfaceController.swift */,
				40619D821C3816BC002478FF /* ExtensionDelegate.swift */,
				40619D841C3816BC002478FF /* Assets.xcassets */,
				40619D861C3816BC002478FF /* Info.plist */,
			);
			path = "WatchCheck Extension";
			sourceTree = "<group>";
		};
		407523AE1BC0C1740071211D = {
			isa = PBXGroup;
			children = (
				407523B91BC0C1740071211D /* ComputerAvailCheck */,
				40619D701C3816BB002478FF /* WatchCheck */,
				40619D7F1C3816BC002478FF /* WatchCheck Extension */,
				407523B81BC0C1740071211D /* Products */,
				0C4BC4B658C1A204A12CEFDF /* Pods */,
				E90D08A71CB9453AE828DE5E /* Frameworks */,
			);
			sourceTree = "<group>";
		};
		407523B81BC0C1740071211D /* Products */ = {
			isa = PBXGroup;
			children = (
				407523B71BC0C1740071211D /* ComputerAvailCheck.app */,
				40619D6F1C3816BB002478FF /* WatchCheck.app */,
				40619D7B1C3816BC002478FF /* WatchCheck Extension.appex */,
			);
			name = Products;
			sourceTree = "<group>";
		};
		407523B91BC0C1740071211D /* ComputerAvailCheck */ = {
			isa = PBXGroup;
			children = (
				407523BA1BC0C1740071211D /* AppDelegate.swift */,
				407523BE1BC0C1740071211D /* Main.storyboard */,
				405FC0131BC0D4A800E3F206 /* Model */,
				405FC0141BC0D4AD00E3F206 /* View */,
				405FC0151BC0D4C300E3F206 /* Controller */,
				407523C11BC0C1740071211D /* Assets.xcassets */,
				407523C31BC0C1740071211D /* LaunchScreen.storyboard */,
				40D5E2BE1BC26D5C004562C3 /* BuildingData.json */,
				407523C61BC0C1740071211D /* Info.plist */,
				405FC00A1BC0CC8B00E3F206 /* ComputerAvailCheck-Bridging-Header.h */,
			);
			path = ComputerAvailCheck;
			sourceTree = "<group>";
		};
		E90D08A71CB9453AE828DE5E /* Frameworks */ = {
			isa = PBXGroup;
			children = (
				40F549801C3FC6F30084D96D /* Pods_ComputerAvailCheck.framework */,
				403E8D601BC3D25100340BBB /* CoreLocation.framework */,
				405FC01B1BC0FA2D00E3F206 /* MapKit.framework */,
				8CE1A52721A8396B292102E0 /* Pods.framework */,
				0B118E266CF6DFC6B3B6440A /* Pods_ComputerAvailCheck.framework */,
				EF9F83B5AE5CFE4D31AE3156 /* Pods_WatchCheck_Extension.framework */,
			);
			name = Frameworks;
			sourceTree = "<group>";
		};
/* End PBXGroup section */

/* Begin PBXNativeTarget section */
		40619D6E1C3816BB002478FF /* WatchCheck */ = {
			isa = PBXNativeTarget;
			buildConfigurationList = 40619D901C3816BC002478FF /* Build configuration list for PBXNativeTarget "WatchCheck" */;
			buildPhases = (
				40619D6D1C3816BB002478FF /* Resources */,
				40619D8F1C3816BC002478FF /* Embed App Extensions */,
			);
			buildRules = (
			);
			dependencies = (
				40619D7E1C3816BC002478FF /* PBXTargetDependency */,
			);
			name = WatchCheck;
			productName = WatchCheck;
			productReference = 40619D6F1C3816BB002478FF /* WatchCheck.app */;
			productType = "com.apple.product-type.application.watchapp2";
		};
		40619D7A1C3816BC002478FF /* WatchCheck Extension */ = {
			isa = PBXNativeTarget;
			buildConfigurationList = 40619D8E1C3816BC002478FF /* Build configuration list for PBXNativeTarget "WatchCheck Extension" */;
			buildPhases = (
				444F09061181E5C672780EA3 /* Check Pods Manifest.lock */,
				40619D771C3816BC002478FF /* Sources */,
				40619D781C3816BC002478FF /* Frameworks */,
				40619D791C3816BC002478FF /* Resources */,
				E81A400B38DA6E1B7153E45F /* Embed Pods Frameworks */,
				E79C72AC7EF548C7C4424812 /* Copy Pods Resources */,
			);
			buildRules = (
			);
			dependencies = (
			);
			name = "WatchCheck Extension";
			productName = "WatchCheck Extension";
			productReference = 40619D7B1C3816BC002478FF /* WatchCheck Extension.appex */;
			productType = "com.apple.product-type.watchkit2-extension";
		};
		407523B61BC0C1740071211D /* ComputerAvailCheck */ = {
			isa = PBXNativeTarget;
			buildConfigurationList = 407523C91BC0C1740071211D /* Build configuration list for PBXNativeTarget "ComputerAvailCheck" */;
			buildPhases = (
				0093A01981914A20724AE814 /* Check Pods Manifest.lock */,
				407523B31BC0C1740071211D /* Sources */,
				407523B41BC0C1740071211D /* Frameworks */,
				407523B51BC0C1740071211D /* Resources */,
				0F90E0A51EA07FA7683558C2 /* Copy Pods Resources */,
				A91525A2587CCF07C33C0BC4 /* Embed Pods Frameworks */,
				40619D911C3816BC002478FF /* Embed Watch Content */,
			);
			buildRules = (
			);
			dependencies = (
				40619D881C3816BC002478FF /* PBXTargetDependency */,
			);
			name = ComputerAvailCheck;
			productName = ComputerAvailCheck;
			productReference = 407523B71BC0C1740071211D /* ComputerAvailCheck.app */;
			productType = "com.apple.product-type.application";
		};
/* End PBXNativeTarget section */

/* Begin PBXProject section */
		407523AF1BC0C1740071211D /* Project object */ = {
			isa = PBXProject;
			attributes = {
				CLASSPREFIX = "";
				LastSwiftUpdateCheck = 0720;
				LastUpgradeCheck = 0700;
				ORGANIZATIONNAME = "Bokang Huang";
				TargetAttributes = {
					40619D6E1C3816BB002478FF = {
						CreatedOnToolsVersion = 7.2;
						DevelopmentTeam = TCXFX6H5P2;
					};
					40619D7A1C3816BC002478FF = {
						CreatedOnToolsVersion = 7.2;
						DevelopmentTeam = TCXFX6H5P2;
						SystemCapabilities = {
							com.apple.ApplicationGroups.iOS = {
								enabled = 0;
							};
						};
					};
					407523B61BC0C1740071211D = {
						CreatedOnToolsVersion = 7.0.1;
						DevelopmentTeam = TCXFX6H5P2;
						SystemCapabilities = {
							com.apple.ApplicationGroups.iOS = {
								enabled = 0;
							};
						};
					};
				};
			};
			buildConfigurationList = 407523B21BC0C1740071211D /* Build configuration list for PBXProject "ComputerAvailCheck" */;
			compatibilityVersion = "Xcode 3.2";
			developmentRegion = English;
			hasScannedForEncodings = 0;
			knownRegions = (
				en,
				Base,
			);
			mainGroup = 407523AE1BC0C1740071211D;
			productRefGroup = 407523B81BC0C1740071211D /* Products */;
			projectDirPath = "";
			projectRoot = "";
			targets = (
				407523B61BC0C1740071211D /* ComputerAvailCheck */,
				40619D6E1C3816BB002478FF /* WatchCheck */,
				40619D7A1C3816BC002478FF /* WatchCheck Extension */,
			);
		};
/* End PBXProject section */

/* Begin PBXResourcesBuildPhase section */
		40619D6D1C3816BB002478FF /* Resources */ = {
			isa = PBXResourcesBuildPhase;
			buildActionMask = 2147483647;
			files = (
				40619D751C3816BC002478FF /* Assets.xcassets in Resources */,
				40619D731C3816BC002478FF /* Interface.storyboard in Resources */,
			);
			runOnlyForDeploymentPostprocessing = 0;
		};
		40619D791C3816BC002478FF /* Resources */ = {
			isa = PBXResourcesBuildPhase;
			buildActionMask = 2147483647;
			files = (
				40619D851C3816BC002478FF /* Assets.xcassets in Resources */,
			);
			runOnlyForDeploymentPostprocessing = 0;
		};
		407523B51BC0C1740071211D /* Resources */ = {
			isa = PBXResourcesBuildPhase;
			buildActionMask = 2147483647;
			files = (
				407523C51BC0C1740071211D /* LaunchScreen.storyboard in Resources */,
				40D5E2BF1BC26D5C004562C3 /* BuildingData.json in Resources */,
				407523C21BC0C1740071211D /* Assets.xcassets in Resources */,
				407523C01BC0C1740071211D /* Main.storyboard in Resources */,
			);
			runOnlyForDeploymentPostprocessing = 0;
		};
/* End PBXResourcesBuildPhase section */

/* Begin PBXShellScriptBuildPhase section */
		0093A01981914A20724AE814 /* Check Pods Manifest.lock */ = {
			isa = PBXShellScriptBuildPhase;
			buildActionMask = 2147483647;
			files = (
			);
			inputPaths = (
			);
			name = "Check Pods Manifest.lock";
			outputPaths = (
			);
			runOnlyForDeploymentPostprocessing = 0;
			shellPath = /bin/sh;
			shellScript = "diff \"${PODS_ROOT}/../Podfile.lock\" \"${PODS_ROOT}/Manifest.lock\" > /dev/null\nif [[ $? != 0 ]] ; then\n    cat << EOM\nerror: The sandbox is not in sync with the Podfile.lock. Run 'pod install' or update your CocoaPods installation.\nEOM\n    exit 1\nfi\n";
			showEnvVarsInLog = 0;
		};
		0F90E0A51EA07FA7683558C2 /* Copy Pods Resources */ = {
			isa = PBXShellScriptBuildPhase;
			buildActionMask = 2147483647;
			files = (
			);
			inputPaths = (
			);
			name = "Copy Pods Resources";
			outputPaths = (
			);
			runOnlyForDeploymentPostprocessing = 0;
			shellPath = /bin/sh;
			shellScript = "\"${SRCROOT}/Pods/Target Support Files/Pods-ComputerAvailCheck/Pods-ComputerAvailCheck-resources.sh\"\n";
			showEnvVarsInLog = 0;
		};
		444F09061181E5C672780EA3 /* Check Pods Manifest.lock */ = {
			isa = PBXShellScriptBuildPhase;
			buildActionMask = 2147483647;
			files = (
			);
			inputPaths = (
			);
			name = "Check Pods Manifest.lock";
			outputPaths = (
			);
			runOnlyForDeploymentPostprocessing = 0;
			shellPath = /bin/sh;
			shellScript = "diff \"${PODS_ROOT}/../Podfile.lock\" \"${PODS_ROOT}/Manifest.lock\" > /dev/null\nif [[ $? != 0 ]] ; then\n    cat << EOM\nerror: The sandbox is not in sync with the Podfile.lock. Run 'pod install' or update your CocoaPods installation.\nEOM\n    exit 1\nfi\n";
			showEnvVarsInLog = 0;
		};
		A91525A2587CCF07C33C0BC4 /* Embed Pods Frameworks */ = {
			isa = PBXShellScriptBuildPhase;
			buildActionMask = 2147483647;
			files = (
			);
			inputPaths = (
			);
			name = "Embed Pods Frameworks";
			outputPaths = (
			);
			runOnlyForDeploymentPostprocessing = 0;
			shellPath = /bin/sh;
			shellScript = "\"${SRCROOT}/Pods/Target Support Files/Pods-ComputerAvailCheck/Pods-ComputerAvailCheck-frameworks.sh\"\n";
			showEnvVarsInLog = 0;
		};
		E79C72AC7EF548C7C4424812 /* Copy Pods Resources */ = {
			isa = PBXShellScriptBuildPhase;
			buildActionMask = 2147483647;
			files = (
			);
			inputPaths = (
			);
			name = "Copy Pods Resources";
			outputPaths = (
			);
			runOnlyForDeploymentPostprocessing = 0;
			shellPath = /bin/sh;
			shellScript = "\"${SRCROOT}/Pods/Target Support Files/Pods-WatchCheck Extension/Pods-WatchCheck Extension-resources.sh\"\n";
			showEnvVarsInLog = 0;
		};
		E81A400B38DA6E1B7153E45F /* Embed Pods Frameworks */ = {
			isa = PBXShellScriptBuildPhase;
			buildActionMask = 2147483647;
			files = (
			);
			inputPaths = (
			);
			name = "Embed Pods Frameworks";
			outputPaths = (
			);
			runOnlyForDeploymentPostprocessing = 0;
			shellPath = /bin/sh;
			shellScript = "\"${SRCROOT}/Pods/Target Support Files/Pods-WatchCheck Extension/Pods-WatchCheck Extension-frameworks.sh\"\n";
			showEnvVarsInLog = 0;
		};
/* End PBXShellScriptBuildPhase section */

/* Begin PBXSourcesBuildPhase section */
		40619D771C3816BC002478FF /* Sources */ = {
			isa = PBXSourcesBuildPhase;
			buildActionMask = 2147483647;
			files = (
				40619D831C3816BC002478FF /* ExtensionDelegate.swift in Sources */,
				40C368BE1C3FBDA4007514AC /* BuildingModel.swift in Sources */,
				40619D811C3816BC002478FF /* InterfaceController.swift in Sources */,
			);
			runOnlyForDeploymentPostprocessing = 0;
		};
		407523B31BC0C1740071211D /* Sources */ = {
			isa = PBXSourcesBuildPhase;
			buildActionMask = 2147483647;
			files = (
				40B52D211BC3B2C3009B27E5 /* RoomTableViewCell.swift in Sources */,
				40B52D1F1BC3B05B009B27E5 /* RoomModel.swift in Sources */,
				40D5E2C31BC26FCC004562C3 /* BuildingAnnotation.swift in Sources */,
				401D924D1BC0FF3100D59FF1 /* BuildingModel.swift in Sources */,
				405FC0121BC0D48D00E3F206 /* ViewController.swift in Sources */,
				40D5E2C51BC28F31004562C3 /* BuildingPin.swift in Sources */,
				407523BB1BC0C1740071211D /* AppDelegate.swift in Sources */,
				4045B7991BC1205D00D8AE91 /* BuildingTableViewCell.swift in Sources */,
				40D5E2C71BC2CF79004562C3 /* RoomViewController.swift in Sources */,
			);
			runOnlyForDeploymentPostprocessing = 0;
		};
/* End PBXSourcesBuildPhase section */

/* Begin PBXTargetDependency section */
		40619D7E1C3816BC002478FF /* PBXTargetDependency */ = {
			isa = PBXTargetDependency;
			target = 40619D7A1C3816BC002478FF /* WatchCheck Extension */;
			targetProxy = 40619D7D1C3816BC002478FF /* PBXContainerItemProxy */;
		};
		40619D881C3816BC002478FF /* PBXTargetDependency */ = {
			isa = PBXTargetDependency;
			target = 40619D6E1C3816BB002478FF /* WatchCheck */;
			targetProxy = 40619D871C3816BC002478FF /* PBXContainerItemProxy */;
		};
/* End PBXTargetDependency section */

/* Begin PBXVariantGroup section */
		40619D711C3816BC002478FF /* Interface.storyboard */ = {
			isa = PBXVariantGroup;
			children = (
				40619D721C3816BC002478FF /* Base */,
			);
			name = Interface.storyboard;
			sourceTree = "<group>";
		};
		407523BE1BC0C1740071211D /* Main.storyboard */ = {
			isa = PBXVariantGroup;
			children = (
				407523BF1BC0C1740071211D /* Base */,
			);
			name = Main.storyboard;
			sourceTree = "<group>";
		};
		407523C31BC0C1740071211D /* LaunchScreen.storyboard */ = {
			isa = PBXVariantGroup;
			children = (
				407523C41BC0C1740071211D /* Base */,
			);
			name = LaunchScreen.storyboard;
			sourceTree = "<group>";
		};
/* End PBXVariantGroup section */

/* Begin XCBuildConfiguration section */
		40619D8A1C3816BC002478FF /* Debug */ = {
			isa = XCBuildConfiguration;
			buildSettings = {
				ASSETCATALOG_COMPILER_APPICON_NAME = AppIcon;
				CODE_SIGN_IDENTITY = "iPhone Developer";
				"CODE_SIGN_IDENTITY[sdk=iphoneos*]" = "iPhone Developer: Bokang Huang (UWS6428YWU)";
				EMBEDDED_CONTENT_CONTAINS_SWIFT = YES;
				IBSC_MODULE = WatchCheck_Extension;
				INFOPLIST_FILE = WatchCheck/Info.plist;
				PRODUCT_BUNDLE_IDENTIFIER = com.bk.ComputerAvailCheck.watchkitapp;
				PRODUCT_NAME = "$(TARGET_NAME)";
				SDKROOT = watchos;
				SKIP_INSTALL = YES;
				TARGETED_DEVICE_FAMILY = 4;
				WATCHOS_DEPLOYMENT_TARGET = 2.1;
			};
			name = Debug;
		};
		40619D8B1C3816BC002478FF /* Release */ = {
			isa = XCBuildConfiguration;
			buildSettings = {
				ASSETCATALOG_COMPILER_APPICON_NAME = AppIcon;
				CODE_SIGN_IDENTITY = "iPhone Distribution";
				"CODE_SIGN_IDENTITY[sdk=iphoneos*]" = "iPhone Distribution: Bokang Huang (TCXFX6H5P2)";
				EMBEDDED_CONTENT_CONTAINS_SWIFT = YES;
				IBSC_MODULE = WatchCheck_Extension;
				INFOPLIST_FILE = WatchCheck/Info.plist;
				PRODUCT_BUNDLE_IDENTIFIER = com.bk.ComputerAvailCheck.watchkitapp;
				PRODUCT_NAME = "$(TARGET_NAME)";
				SDKROOT = watchos;
				SKIP_INSTALL = YES;
				TARGETED_DEVICE_FAMILY = 4;
				WATCHOS_DEPLOYMENT_TARGET = 2.1;
			};
			name = Release;
		};
		40619D8C1C3816BC002478FF /* Debug */ = {
			isa = XCBuildConfiguration;
			baseConfigurationReference = D821674FEF4E7EF415C1B1F4 /* Pods-WatchCheck Extension.debug.xcconfig */;
			buildSettings = {
				CODE_SIGN_IDENTITY = "iPhone Developer";
				"CODE_SIGN_IDENTITY[sdk=iphoneos*]" = "iPhone Developer: Bokang Huang (UWS6428YWU)";
				"CODE_SIGN_IDENTITY[sdk=watchos*]" = "iPhone Developer: Bokang Huang (UWS6428YWU)";
				INFOPLIST_FILE = "WatchCheck Extension/Info.plist";
				LD_RUNPATH_SEARCH_PATHS = "$(inherited) @executable_path/Frameworks @executable_path/../../Frameworks";
				PRODUCT_BUNDLE_IDENTIFIER = com.bk.ComputerAvailCheck.watchkitapp.watchkitextension;
				PRODUCT_NAME = "${TARGET_NAME}";
				PROVISIONING_PROFILE = "";
				SDKROOT = watchos;
				SKIP_INSTALL = YES;
				TARGETED_DEVICE_FAMILY = 4;
				WATCHOS_DEPLOYMENT_TARGET = 2.1;
			};
			name = Debug;
		};
		40619D8D1C3816BC002478FF /* Release */ = {
			isa = XCBuildConfiguration;
			baseConfigurationReference = 8016C95C30BF45E3F74DA829 /* Pods-WatchCheck Extension.release.xcconfig */;
			buildSettings = {
				CODE_SIGN_IDENTITY = "iPhone Distribution";
				"CODE_SIGN_IDENTITY[sdk=iphoneos*]" = "iPhone Distribution: Bokang Huang (TCXFX6H5P2)";
				"CODE_SIGN_IDENTITY[sdk=watchos*]" = "iPhone Distribution: Bokang Huang (TCXFX6H5P2)";
				INFOPLIST_FILE = "WatchCheck Extension/Info.plist";
				LD_RUNPATH_SEARCH_PATHS = "$(inherited) @executable_path/Frameworks @executable_path/../../Frameworks";
				PRODUCT_BUNDLE_IDENTIFIER = com.bk.ComputerAvailCheck.watchkitapp.watchkitextension;
				PRODUCT_NAME = "${TARGET_NAME}";
				PROVISIONING_PROFILE = "";
				SDKROOT = watchos;
				SKIP_INSTALL = YES;
				TARGETED_DEVICE_FAMILY = 4;
				WATCHOS_DEPLOYMENT_TARGET = 2.1;
			};
			name = Release;
		};
		407523C71BC0C1740071211D /* Debug */ = {
			isa = XCBuildConfiguration;
			buildSettings = {
				ALWAYS_SEARCH_USER_PATHS = NO;
				CLANG_CXX_LANGUAGE_STANDARD = "gnu++0x";
				CLANG_CXX_LIBRARY = "libc++";
				CLANG_ENABLE_MODULES = YES;
				CLANG_ENABLE_OBJC_ARC = YES;
				CLANG_WARN_BOOL_CONVERSION = YES;
				CLANG_WARN_CONSTANT_CONVERSION = YES;
				CLANG_WARN_DIRECT_OBJC_ISA_USAGE = YES_ERROR;
				CLANG_WARN_EMPTY_BODY = YES;
				CLANG_WARN_ENUM_CONVERSION = YES;
				CLANG_WARN_INT_CONVERSION = YES;
				CLANG_WARN_OBJC_ROOT_CLASS = YES_ERROR;
				CLANG_WARN_UNREACHABLE_CODE = YES;
				CLANG_WARN__DUPLICATE_METHOD_MATCH = YES;
				CODE_SIGN_IDENTITY = "iPhone Developer";
				"CODE_SIGN_IDENTITY[sdk=iphoneos*]" = "iPhone Developer: Bokang Huang (UWS6428YWU)";
				COPY_PHASE_STRIP = NO;
				DEBUG_INFORMATION_FORMAT = dwarf;
				ENABLE_STRICT_OBJC_MSGSEND = YES;
				ENABLE_TESTABILITY = YES;
				GCC_C_LANGUAGE_STANDARD = gnu99;
				GCC_DYNAMIC_NO_PIC = NO;
				GCC_NO_COMMON_BLOCKS = YES;
				GCC_OPTIMIZATION_LEVEL = 0;
				GCC_PREPROCESSOR_DEFINITIONS = (
					"DEBUG=1",
					"$(inherited)",
				);
				GCC_WARN_64_TO_32_BIT_CONVERSION = YES;
				GCC_WARN_ABOUT_RETURN_TYPE = YES_ERROR;
				GCC_WARN_UNDECLARED_SELECTOR = YES;
				GCC_WARN_UNINITIALIZED_AUTOS = YES_AGGRESSIVE;
				GCC_WARN_UNUSED_FUNCTION = YES;
				GCC_WARN_UNUSED_VARIABLE = YES;
				IPHONEOS_DEPLOYMENT_TARGET = 9.0;
				MTL_ENABLE_DEBUG_INFO = YES;
				ONLY_ACTIVE_ARCH = YES;
				PROVISIONING_PROFILE = "";
				SDKROOT = iphoneos;
				SWIFT_OPTIMIZATION_LEVEL = "-Onone";
				TARGETED_DEVICE_FAMILY = "1,2";
			};
			name = Debug;
		};
		407523C81BC0C1740071211D /* Release */ = {
			isa = XCBuildConfiguration;
			buildSettings = {
				ALWAYS_SEARCH_USER_PATHS = NO;
				CLANG_CXX_LANGUAGE_STANDARD = "gnu++0x";
				CLANG_CXX_LIBRARY = "libc++";
				CLANG_ENABLE_MODULES = YES;
				CLANG_ENABLE_OBJC_ARC = YES;
				CLANG_WARN_BOOL_CONVERSION = YES;
				CLANG_WARN_CONSTANT_CONVERSION = YES;
				CLANG_WARN_DIRECT_OBJC_ISA_USAGE = YES_ERROR;
				CLANG_WARN_EMPTY_BODY = YES;
				CLANG_WARN_ENUM_CONVERSION = YES;
				CLANG_WARN_INT_CONVERSION = YES;
				CLANG_WARN_OBJC_ROOT_CLASS = YES_ERROR;
				CLANG_WARN_UNREACHABLE_CODE = YES;
				CLANG_WARN__DUPLICATE_METHOD_MATCH = YES;
				CODE_SIGN_IDENTITY = "iPhone Distribution";
				"CODE_SIGN_IDENTITY[sdk=iphoneos*]" = "iPhone Distribution: Bokang Huang (TCXFX6H5P2)";
				COPY_PHASE_STRIP = NO;
				DEBUG_INFORMATION_FORMAT = "dwarf-with-dsym";
				ENABLE_NS_ASSERTIONS = NO;
				ENABLE_STRICT_OBJC_MSGSEND = YES;
				GCC_C_LANGUAGE_STANDARD = gnu99;
				GCC_NO_COMMON_BLOCKS = YES;
				GCC_WARN_64_TO_32_BIT_CONVERSION = YES;
				GCC_WARN_ABOUT_RETURN_TYPE = YES_ERROR;
				GCC_WARN_UNDECLARED_SELECTOR = YES;
				GCC_WARN_UNINITIALIZED_AUTOS = YES_AGGRESSIVE;
				GCC_WARN_UNUSED_FUNCTION = YES;
				GCC_WARN_UNUSED_VARIABLE = YES;
				IPHONEOS_DEPLOYMENT_TARGET = 9.0;
				MTL_ENABLE_DEBUG_INFO = NO;
				PROVISIONING_PROFILE = "";
				SDKROOT = iphoneos;
				TARGETED_DEVICE_FAMILY = "1,2";
				VALIDATE_PRODUCT = YES;
			};
			name = Release;
		};
		407523CA1BC0C1740071211D /* Debug */ = {
			isa = XCBuildConfiguration;
			baseConfigurationReference = 11E6AFE7A5BF42B8EED554EC /* Pods-ComputerAvailCheck.debug.xcconfig */;
			buildSettings = {
				ASSETCATALOG_COMPILER_APPICON_NAME = AppIcon;
				CLANG_ENABLE_MODULES = YES;
				CODE_SIGN_IDENTITY = "iPhone Developer";
				"CODE_SIGN_IDENTITY[sdk=iphoneos*]" = "iPhone Developer: Bokang Huang (UWS6428YWU)";
				EMBEDDED_CONTENT_CONTAINS_SWIFT = "$(inherited)";
				ENABLE_BITCODE = NO;
				FRAMEWORK_SEARCH_PATHS = "$(inherited)";
				INFOPLIST_FILE = ComputerAvailCheck/Info.plist;
				IPHONEOS_DEPLOYMENT_TARGET = 9.0;
				LD_RUNPATH_SEARCH_PATHS = "$(inherited) @executable_path/Frameworks";
				PRODUCT_BUNDLE_IDENTIFIER = com.bk.ComputerAvailCheck;
				PRODUCT_NAME = "$(TARGET_NAME)";
				PROVISIONING_PROFILE = "";
				SWIFT_OBJC_BRIDGING_HEADER = "ComputerAvailCheck/ComputerAvailCheck-Bridging-Header.h";
				SWIFT_OPTIMIZATION_LEVEL = "-Onone";
				TARGETED_DEVICE_FAMILY = "1,2";
			};
			name = Debug;
		};
		407523CB1BC0C1740071211D /* Release */ = {
			isa = XCBuildConfiguration;
			baseConfigurationReference = 28DCFD0E710C276DB6D9E055 /* Pods-ComputerAvailCheck.release.xcconfig */;
			buildSettings = {
				ASSETCATALOG_COMPILER_APPICON_NAME = AppIcon;
				CLANG_ENABLE_MODULES = YES;
				CODE_SIGN_IDENTITY = "iPhone Distribution";
				"CODE_SIGN_IDENTITY[sdk=iphoneos*]" = "iPhone Distribution: Bokang Huang (TCXFX6H5P2)";
				EMBEDDED_CONTENT_CONTAINS_SWIFT = "$(inherited)";
				ENABLE_BITCODE = NO;
				FRAMEWORK_SEARCH_PATHS = "$(inherited)";
				INFOPLIST_FILE = ComputerAvailCheck/Info.plist;
				IPHONEOS_DEPLOYMENT_TARGET = 9.0;
				LD_RUNPATH_SEARCH_PATHS = "$(inherited) @executable_path/Frameworks";
				PRODUCT_BUNDLE_IDENTIFIER = com.bk.ComputerAvailCheck;
				PRODUCT_NAME = "$(TARGET_NAME)";
				PROVISIONING_PROFILE = "";
				SWIFT_OBJC_BRIDGING_HEADER = "ComputerAvailCheck/ComputerAvailCheck-Bridging-Header.h";
				TARGETED_DEVICE_FAMILY = "1,2";
			};
			name = Release;
		};
/* End XCBuildConfiguration section */

/* Begin XCConfigurationList section */
		40619D8E1C3816BC002478FF /* Build configuration list for PBXNativeTarget "WatchCheck Extension" */ = {
			isa = XCConfigurationList;
			buildConfigurations = (
				40619D8C1C3816BC002478FF /* Debug */,
				40619D8D1C3816BC002478FF /* Release */,
			);
			defaultConfigurationIsVisible = 0;
			defaultConfigurationName = Release;
		};
		40619D901C3816BC002478FF /* Build configuration list for PBXNativeTarget "WatchCheck" */ = {
			isa = XCConfigurationList;
			buildConfigurations = (
				40619D8A1C3816BC002478FF /* Debug */,
				40619D8B1C3816BC002478FF /* Release */,
			);
			defaultConfigurationIsVisible = 0;
			defaultConfigurationName = Release;
		};
		407523B21BC0C1740071211D /* Build configuration list for PBXProject "ComputerAvailCheck" */ = {
			isa = XCConfigurationList;
			buildConfigurations = (
				407523C71BC0C1740071211D /* Debug */,
				407523C81BC0C1740071211D /* Release */,
			);
			defaultConfigurationIsVisible = 0;
			defaultConfigurationName = Release;
		};
		407523C91BC0C1740071211D /* Build configuration list for PBXNativeTarget "ComputerAvailCheck" */ = {
			isa = XCConfigurationList;
			buildConfigurations = (
				407523CA1BC0C1740071211D /* Debug */,
				407523CB1BC0C1740071211D /* Release */,
			);
			defaultConfigurationIsVisible = 0;
			defaultConfigurationName = Release;
		};
/* End XCConfigurationList section */
	};
	rootObject = 407523AF1BC0C1740071211D /* Project object */;
}
